# This file is automatically @generated by Poetry 1.5.1 and should not be changed by hand.

[[package]]
name = "appdirs"
version = "1.4.4"
description = "A small Python module for determining appropriate platform-specific dirs, e.g. a \"user data dir\"."
optional = false
python-versions = "*"
files = [
    {file = "appdirs-1.4.4-py2.py3-none-any.whl", hash = "sha256:a841dacd6b99318a741b166adb07e19ee71a274450e68237b4650ca1055ab128"},
    {file = "appdirs-1.4.4.tar.gz", hash = "sha256:7d5d0167b2b1ba821647616af46a749d1c653740dd0d2415100fe26e27afdf41"},
]

[[package]]
name = "bbcode"
version = "1.1.0"
description = "A pure python bbcode parser and formatter."
optional = false
python-versions = "*"
files = [
    {file = "bbcode-1.1.0-py2.py3-none-any.whl", hash = "sha256:83802f4b40c92426841a98350bd6ff9ea8fdf8f9b37df1968a88c5864fd225fa"},
    {file = "bbcode-1.1.0.tar.gz", hash = "sha256:eac4fb1d0f6c7ce5c41e4b5c0522562b15a1ac036fb9131adc59e9a28c7dc1d0"},
]

[[package]]
name = "colorama"
version = "0.4.6"
description = "Cross-platform colored terminal text."
optional = false
python-versions = "!=3.0.*,!=3.1.*,!=3.2.*,!=3.3.*,!=3.4.*,!=3.5.*,!=3.6.*,>=2.7"
files = [
    {file = "colorama-0.4.6-py2.py3-none-any.whl", hash = "sha256:4f1d9991f5acc0ca119f9d443620b77f9d6b33703e51011c16baf57afb285fc6"},
    {file = "colorama-0.4.6.tar.gz", hash = "sha256:08695f5cb7ed6e0531a20572697297273c47b8cae5a63ffc6d6ed5c201be6e44"},
]

[[package]]
name = "commonmark"
version = "0.9.1"
description = "Python parser for the CommonMark Markdown spec"
optional = false
python-versions = "*"
files = [
    {file = "commonmark-0.9.1-py2.py3-none-any.whl", hash = "sha256:da2f38c92590f83de410ba1a3cbceafbc74fee9def35f9251ba9a971d6d66fd9"},
    {file = "commonmark-0.9.1.tar.gz", hash = "sha256:452f9dc859be7f06631ddcb328b6919c67984aca654e5fefb3914d54691aed60"},
]

[package.extras]
test = ["flake8 (==3.7.8)", "hypothesis (==3.55.3)"]

[[package]]
name = "html2text"
version = "2020.1.16"
description = "Turn HTML into equivalent Markdown-structured text."
optional = false
python-versions = ">=3.5"
files = [
    {file = "html2text-2020.1.16-py3-none-any.whl", hash = "sha256:c7c629882da0cf377d66f073329ccf34a12ed2adf0169b9285ae4e63ef54c82b"},
    {file = "html2text-2020.1.16.tar.gz", hash = "sha256:e296318e16b059ddb97f7a8a1d6a5c1d7af4544049a01e261731d2d5cc277bbb"},
]

[[package]]
name = "prompt-toolkit"
version = "3.0.19"
description = "Library for building powerful interactive command lines in Python"
optional = false
python-versions = ">=3.6.1"
files = [
    {file = "prompt_toolkit-3.0.19-py3-none-any.whl", hash = "sha256:7089d8d2938043508aa9420ec18ce0922885304cddae87fb96eebca942299f88"},
    {file = "prompt_toolkit-3.0.19.tar.gz", hash = "sha256:08360ee3a3148bdb5163621709ee322ec34fc4375099afa4bbf751e9b7b7fa4f"},
]

[package.dependencies]
wcwidth = "*"

[[package]]
name = "pygments"
version = "2.15.1"
description = "Pygments is a syntax highlighting package written in Python."
optional = false
python-versions = ">=3.7"
files = [
    {file = "Pygments-2.15.1-py3-none-any.whl", hash = "sha256:db2db3deb4b4179f399a09054b023b6a586b76499d36965813c71aa8ed7b5fd1"},
    {file = "Pygments-2.15.1.tar.gz", hash = "sha256:8ace4d3c1dd481894b2005f560ead0f9f19ee64fe983366be1a21e171d12775c"},
]

[package.extras]
plugins = ["importlib-metadata"]

[[package]]
name = "pyhyphen"
version = "3.0.1"
description = "The hyphenation library of LibreOffice and FireFox wrapped for Python"
optional = false
python-versions = "*"
files = [
    {file = "PyHyphen-3.0.1-cp27-cp27m-win32.whl", hash = "sha256:b5e733b2612fdf64686eccbd38db887f40b75156cc221457a851b478699b881f"},
    {file = "PyHyphen-3.0.1-cp27-cp27m-win_amd64.whl", hash = "sha256:296d5bcfb71e637753cb75b6ddbaad1254bac7dce682eae5c69ae10f106fe59d"},
    {file = "PyHyphen-3.0.1-cp34-cp34m-win32.whl", hash = "sha256:126a1c1d2cc8196d79037005fca3487af766e3ad888fc7688abb7fbf38cf2de2"},
    {file = "PyHyphen-3.0.1-cp34-cp34m-win_amd64.whl", hash = "sha256:53cf129ca2d0b1413666a7834a1fc4e4a5ed8dac0ccaaaaa227fcceb75ba4fc6"},
    {file = "PyHyphen-3.0.1-cp35-cp35m-win32.whl", hash = "sha256:99316edf48534be1175921f17b9e6172adda73ecd3b46126e46d6142f47376a2"},
    {file = "PyHyphen-3.0.1-cp35-cp35m-win_amd64.whl", hash = "sha256:6181c2b799277c77146289108c13647b818341b22949297c12a804280bb87e25"},
    {file = "PyHyphen-3.0.1-cp36-cp36m-win32.whl", hash = "sha256:c57d699a000c99674834711b8f3a38d20f35e009257e4cfc700e8f68a487cdb0"},
    {file = "PyHyphen-3.0.1-cp36-cp36m-win_amd64.whl", hash = "sha256:ba3afa274885a2b512427b696bdeb682a1f1c0cbfb110414e74f52cd2e1987c9"},
    {file = "PyHyphen-3.0.1.tar.gz", hash = "sha256:379a78c49cadd8653d5634951bf243a0d99704eee496d8b23ddb00dc81a0e1fb"},
]

[package.dependencies]
appdirs = "*"
six = "*"

[[package]]
name = "pyphen"
version = "0.9.5"
description = "Pure Python module to hyphenate text"
optional = false
python-versions = "*"
files = [
    {file = "Pyphen-0.9.5-py2.py3-none-any.whl", hash = "sha256:e172faf10992c8c9d369bdc83e36dbcf1121f4ed0d881f1a0b521935aee583b5"},
    {file = "Pyphen-0.9.5.tar.gz", hash = "sha256:3b633a50873156d777e1f1075ba4d8e96a6ad0a3ca42aa3ea9a6259f93f18921"},
]

[[package]]
name = "rich"
version = "10.12.0"
description = "Render rich text, tables, progress bars, syntax highlighting, markdown and more to the terminal"
optional = false
python-versions = ">=3.6.2,<4.0.0"
files = [
    {file = "rich-10.12.0-py3-none-any.whl", hash = "sha256:c30d6808d1cd3defd56a7bd2d587d13e53b5f55de6cf587f035bcbb56bc3f37b"},
    {file = "rich-10.12.0.tar.gz", hash = "sha256:83fb3eff778beec3c55201455c17cccde1ccdf66d5b4dade8ef28f56b50c4bd4"},
]

[package.dependencies]
colorama = ">=0.4.0,<0.5.0"
commonmark = ">=0.9.0,<0.10.0"
pygments = ">=2.6.0,<3.0.0"
typing-extensions = {version = ">=3.7.4,<4.0.0", markers = "python_version < \"3.8\""}

[package.extras]
jupyter = ["ipywidgets (>=7.5.1,<8.0.0)"]

[[package]]
name = "six"
version = "1.16.0"
description = "Python 2 and 3 compatibility utilities"
optional = false
python-versions = ">=2.7, !=3.0.*, !=3.1.*, !=3.2.*"
files = [
    {file = "six-1.16.0-py2.py3-none-any.whl", hash = "sha256:8abb2f1d86890a2dfb989f9a77cfcfd3e47c2a354b01111771326f8aa26e0254"},
    {file = "six-1.16.0.tar.gz", hash = "sha256:1e61c37477a1626458e36f7b1d82aa5c9b094fa4802892072e49de9c60c4c926"},
]

[[package]]
name = "typing-extensions"
version = "3.10.0.2"
description = "Backported and Experimental Type Hints for Python 3.5+"
optional = false
python-versions = "*"
files = [
    {file = "typing_extensions-3.10.0.2-py2-none-any.whl", hash = "sha256:d8226d10bc02a29bcc81df19a26e56a9647f8b0a6d4a83924139f4a8b01f17b7"},
    {file = "typing_extensions-3.10.0.2-py3-none-any.whl", hash = "sha256:f1d25edafde516b146ecd0613dabcc61409817af4766fbbcfb8d1ad4ec441a34"},
    {file = "typing_extensions-3.10.0.2.tar.gz", hash = "sha256:49f75d16ff11f1cd258e1b988ccff82a3ca5570217d7ad8c5f48205dd99a677e"},
]

[[package]]
name = "wcwidth"
version = "0.2.6"
description = "Measures the displayed width of unicode strings in a terminal"
optional = false
python-versions = "*"
files = [
    {file = "wcwidth-0.2.6-py2.py3-none-any.whl", hash = "sha256:795b138f6875577cd91bba52baf9e445cd5118fd32723b460e30a0af30ea230e"},
    {file = "wcwidth-0.2.6.tar.gz", hash = "sha256:a5220780a404dbe3353789870978e472cfe477761f06ee55077256e509b156d0"},
]

[metadata]
lock-version = "2.0"
python-versions = ">=3.7.0,<4.0.0"
content-hash = "4e595fa70cce5aec0cb16a4601f9dda37a3f0920cf052d73eb3f04a69c8d2e1b"
